
Microsoft Visual Studio Solution File, Format Version 12.00
# Visual Studio Version 16
VisualStudioVersion = 16.0.30711.63
MinimumVisualStudioVersion = 10.0.40219.1
Project("{8BC9CEB8-8B4A-11D0-8D11-00A0C91BC942}") = "szablon2vs19", "szablon2vs19.vcxproj", "{16725DAB-C5AF-413E-A856-9D4B087AFD39}"
EndProject
Global
	GlobalSection(SolutionConfigurationPlatforms) = preSolution
		Debug|x64 = Debug|x64
		Debug|x86 = Debug|x86
		Release|x64 = Release|x64
		Release|x86 = Release|x86
	EndGlobalSection
	GlobalSection(ProjectConfigurationPlatforms) = postSolution
		{16725DAB-C5AF-413E-A856-9D4B087AFD39}.Debug|x64.ActiveCfg = Debug|x64
		{16725DAB-C5AF-413E-A856-9D4B087AFD39}.Debug|x64.Build.0 = Debug|x64
		{16725DAB-C5AF-413E-A856-9D4B087AFD39}.Debug|x86.ActiveCfg = Debug|Win32
		{16725DAB-C5AF-413E-A856-9D4B087AFD39}.Debug|x86.Build.0 = Debug|Win32
		{16725DAB-C5AF-413E-A856-9D4B087AFD39}.Release|x64.ActiveCfg = Release|x64
		{16725DAB-C5AF-413E-A856-9D4B087AFD39}.Release|x64.Build.0 = Release|x64
		{16725DAB-C5AF-413E-A856-9D4B087AFD39}.Release|x86.ActiveCfg = Release|Win32
		{16725DAB-C5AF-413E-A856-9D4B087AFD39}.Release|x86.Build.0 = Release|Win32
	EndGlobalSection
	GlobalSection(SolutionProperties) = preSolution
		HideSolutionNode = FALSE
	EndGlobalSection
	GlobalSection(ExtensibilityGlobals) = postSolution
		SolutionGuid = {82D58E11-3B1D-4295-B9B1-613D865A55A7}
	EndGlobalSection
EndGlobal
